
Microsoft Visual Studio Solution File, Format Version 11.00
Project("{8BC9CEB8-8B4A-11D0-8D11-00A0C91BC942}") = "pploader", "pploader\pploader.vcxproj", "{08CE61F5-C3F3-4826-A529-1DC73BEF1482}"
EndProject
Project("{8BC9CEB8-8B4A-11D0-8D11-00A0C91BC942}") = "PPLoaderInstaller", "installer\PPLoaderInstaller.vcxproj", "{644BB82C-E8B7-41B5-917F-C86C3C0C54A0}"
EndProject
Project("{8BC9CEB8-8B4A-11D0-8D11-00A0C91BC942}") = "PPLoaderPkgBuilder", "pkgbuilder\PPLoaderPkgBuilder.vcxproj", "{3AB9E126-5A71-4D1F-94C9-4E86DE1FD9A8}"
	ProjectSection(ProjectDependencies) = postProject
		{08CE61F5-C3F3-4826-A529-1DC73BEF1482} = {08CE61F5-C3F3-4826-A529-1DC73BEF1482}
		{644BB82C-E8B7-41B5-917F-C86C3C0C54A0} = {644BB82C-E8B7-41B5-917F-C86C3C0C54A0}
	EndProjectSection
EndProject
Global
	GlobalSection(SolutionConfigurationPlatforms) = preSolution
		CodeAnalysis|Xbox 360 = CodeAnalysis|Xbox 360
		Debug|Xbox 360 = Debug|Xbox 360
		Profile_FastCap|Xbox 360 = Profile_FastCap|Xbox 360
		Profile|Xbox 360 = Profile|Xbox 360
		Release_LTCG|Xbox 360 = Release_LTCG|Xbox 360
		Release|Xbox 360 = Release|Xbox 360
	EndGlobalSection
	GlobalSection(ProjectConfigurationPlatforms) = postSolution
		{08CE61F5-C3F3-4826-A529-1DC73BEF1482}.CodeAnalysis|Xbox 360.ActiveCfg = Debug|Xbox 360
		{08CE61F5-C3F3-4826-A529-1DC73BEF1482}.CodeAnalysis|Xbox 360.Build.0 = Debug|Xbox 360
		{08CE61F5-C3F3-4826-A529-1DC73BEF1482}.CodeAnalysis|Xbox 360.Deploy.0 = Debug|Xbox 360
		{08CE61F5-C3F3-4826-A529-1DC73BEF1482}.Debug|Xbox 360.ActiveCfg = Debug|Xbox 360
		{08CE61F5-C3F3-4826-A529-1DC73BEF1482}.Debug|Xbox 360.Build.0 = Debug|Xbox 360
		{08CE61F5-C3F3-4826-A529-1DC73BEF1482}.Debug|Xbox 360.Deploy.0 = Debug|Xbox 360
		{08CE61F5-C3F3-4826-A529-1DC73BEF1482}.Profile_FastCap|Xbox 360.ActiveCfg = Release|Xbox 360
		{08CE61F5-C3F3-4826-A529-1DC73BEF1482}.Profile_FastCap|Xbox 360.Build.0 = Release|Xbox 360
		{08CE61F5-C3F3-4826-A529-1DC73BEF1482}.Profile_FastCap|Xbox 360.Deploy.0 = Release|Xbox 360
		{08CE61F5-C3F3-4826-A529-1DC73BEF1482}.Profile|Xbox 360.ActiveCfg = Release|Xbox 360
		{08CE61F5-C3F3-4826-A529-1DC73BEF1482}.Profile|Xbox 360.Build.0 = Release|Xbox 360
		{08CE61F5-C3F3-4826-A529-1DC73BEF1482}.Profile|Xbox 360.Deploy.0 = Release|Xbox 360
		{08CE61F5-C3F3-4826-A529-1DC73BEF1482}.Release_LTCG|Xbox 360.ActiveCfg = Release_LTCG|Xbox 360
		{08CE61F5-C3F3-4826-A529-1DC73BEF1482}.Release_LTCG|Xbox 360.Build.0 = Release_LTCG|Xbox 360
		{08CE61F5-C3F3-4826-A529-1DC73BEF1482}.Release|Xbox 360.ActiveCfg = Release|Xbox 360
		{08CE61F5-C3F3-4826-A529-1DC73BEF1482}.Release|Xbox 360.Build.0 = Release|Xbox 360
		{08CE61F5-C3F3-4826-A529-1DC73BEF1482}.Release|Xbox 360.Deploy.0 = Release|Xbox 360
		{644BB82C-E8B7-41B5-917F-C86C3C0C54A0}.Release|Xbox 360.ActiveCfg = Release|Xbox 360
		{644BB82C-E8B7-41B5-917F-C86C3C0C54A0}.Release|Xbox 360.Build.0 = Release|Xbox 360
		{3AB9E126-5A71-4D1F-94C9-4E86DE1FD9A8}.CodeAnalysis|Xbox 360.ActiveCfg = Release|Xbox 360
		{3AB9E126-5A71-4D1F-94C9-4E86DE1FD9A8}.CodeAnalysis|Xbox 360.Build.0 = Release|Xbox 360
		{3AB9E126-5A71-4D1F-94C9-4E86DE1FD9A8}.Debug|Xbox 360.ActiveCfg = Release|Xbox 360
		{3AB9E126-5A71-4D1F-94C9-4E86DE1FD9A8}.Debug|Xbox 360.Build.0 = Release|Xbox 360
		{3AB9E126-5A71-4D1F-94C9-4E86DE1FD9A8}.Profile_FastCap|Xbox 360.ActiveCfg = Release|Xbox 360
		{3AB9E126-5A71-4D1F-94C9-4E86DE1FD9A8}.Profile_FastCap|Xbox 360.Build.0 = Release|Xbox 360
		{3AB9E126-5A71-4D1F-94C9-4E86DE1FD9A8}.Profile|Xbox 360.ActiveCfg = Release|Xbox 360
		{3AB9E126-5A71-4D1F-94C9-4E86DE1FD9A8}.Profile|Xbox 360.Build.0 = Release|Xbox 360
		{3AB9E126-5A71-4D1F-94C9-4E86DE1FD9A8}.Release_LTCG|Xbox 360.ActiveCfg = Release|Xbox 360
		{3AB9E126-5A71-4D1F-94C9-4E86DE1FD9A8}.Release_LTCG|Xbox 360.Build.0 = Release|Xbox 360
		{3AB9E126-5A71-4D1F-94C9-4E86DE1FD9A8}.Release|Xbox 360.ActiveCfg = Release|Xbox 360
		{3AB9E126-5A71-4D1F-94C9-4E86DE1FD9A8}.Release|Xbox 360.Build.0 = Release|Xbox 360
	EndGlobalSection
	GlobalSection(SolutionProperties) = preSolution
		HideSolutionNode = FALSE
	EndGlobalSection
	GlobalSection(ExtensibilityGlobals) = postSolution
		SolutionGuid = {3C95EACC-DCCF-4CB3-B5E0-C500F0723B63}
	EndGlobalSection
EndGlobal
